{
  "meteor": {},
  "dependencies": {
    "basePackages": {
      "mocha-web": {
        "git": "https://github.com/mad-eye/meteor-mocha-web",
        "branch": "master"
      }
    },
    "packages": {
      "mocha-web": {
        "git": "https://github.com/mad-eye/meteor-mocha-web",
        "branch": "master",
        "commit": "28e096f3b93edc49078a7686a1f606a155d77465"
      }
    }
  }
}
