{
  "meteor": {},
  "dependencies": {
    "basePackages": {
      "mocha-web": {
        "git": "https://github.com/mad-eye/meteor-mocha-web",
        "branch": "master"
      }
    },
    "packages": {
      "mocha-web": {
        "git": "https://github.com/mad-eye/meteor-mocha-web",
        "branch": "master",
        "commit": "04b3a0e8c898f027021486b6effa475808bae46b"
      }
    }
  }
}
